// !$*UTF8*$!
{
	archiveVersion = 1;
	classes = {
	};
	objectVersion = 52;
	objects = {

/* Begin PBXBuildFile section */
		7E451BDD29D72B6C0027827E /* Coordinator.swift in Sources */ = {isa = PBXBuildFile; fileRef = 7E451BDC29D72B6C0027827E /* Coordinator.swift */; };
		7E451BE029D72BAD0027827E /* Router.swift in Sources */ = {isa = PBXBuildFile; fileRef = 7E451BDF29D72BAD0027827E /* Router.swift */; };
		7E451BE229D72C020027827E /* NavigationRouter.swift in Sources */ = {isa = PBXBuildFile; fileRef = 7E451BE129D72C020027827E /* NavigationRouter.swift */; };
		7E451BE429D85B1B0027827E /* AppDelegateRouter.swift in Sources */ = {isa = PBXBuildFile; fileRef = 7E451BE329D85B1B0027827E /* AppDelegateRouter.swift */; };
		7E451BE629D85E4E0027827E /* StoryboardInstantiable.swift in Sources */ = {isa = PBXBuildFile; fileRef = 7E451BE529D85E4E0027827E /* StoryboardInstantiable.swift */; };
		7E451BEA29D87EAC0027827E /* PresentableProvider.swift in Sources */ = {isa = PBXBuildFile; fileRef = 7E451BE929D87EAC0027827E /* PresentableProvider.swift */; };
		7E451BEC29D87F280027827E /* AlertableProvider.swift in Sources */ = {isa = PBXBuildFile; fileRef = 7E451BEB29D87F280027827E /* AlertableProvider.swift */; };
		7E451BEE29D87F2D0027827E /* Alert.swift in Sources */ = {isa = PBXBuildFile; fileRef = 7E451BED29D87F2D0027827E /* Alert.swift */; };
		7E451BF029D87F2F0027827E /* AlertFactory.swift in Sources */ = {isa = PBXBuildFile; fileRef = 7E451BEF29D87F2F0027827E /* AlertFactory.swift */; };
		7E451BF629D87F3F0027827E /* DefaultAlert.swift in Sources */ = {isa = PBXBuildFile; fileRef = 7E451BF329D87F3F0027827E /* DefaultAlert.swift */; };
		7E451BF729D87F3F0027827E /* ErrorAlert.swift in Sources */ = {isa = PBXBuildFile; fileRef = 7E451BF429D87F3F0027827E /* ErrorAlert.swift */; };
		7EAD534329D5DA8C0098B9B3 /* WebImageProvider.swift in Sources */ = {isa = PBXBuildFile; fileRef = 7EAD534229D5DA8C0098B9B3 /* WebImageProvider.swift */; };
		7EAD534629D5E02B0098B9B3 /* HomeViewModel.swift in Sources */ = {isa = PBXBuildFile; fileRef = 7EAD534529D5E02B0098B9B3 /* HomeViewModel.swift */; };
		7EAD534829D5E46B0098B9B3 /* PlayerListViewModel.swift in Sources */ = {isa = PBXBuildFile; fileRef = 7EAD534729D5E46B0098B9B3 /* PlayerListViewModel.swift */; };
		7ED679B729D88BD3007990AC /* PlayerViewModel.swift in Sources */ = {isa = PBXBuildFile; fileRef = 7ED679B629D88BD3007990AC /* PlayerViewModel.swift */; };
		7ED679B929D897A1007990AC /* LocalImage.swift in Sources */ = {isa = PBXBuildFile; fileRef = 7ED679B829D897A1007990AC /* LocalImage.swift */; };
		7ED679BB29D8A751007990AC /* ConfirmAlert.swift in Sources */ = {isa = PBXBuildFile; fileRef = 7ED679BA29D8A751007990AC /* ConfirmAlert.swift */; };
		7EDECB8429D58A6B00182C82 /* NetworkingManagerParameterEncoding.swift in Sources */ = {isa = PBXBuildFile; fileRef = 7EDECB8329D58A6B00182C82 /* NetworkingManagerParameterEncoding.swift */; };
		7EDECB8629D58A8200182C82 /* NetworkingManagerHTTPMethod.swift in Sources */ = {isa = PBXBuildFile; fileRef = 7EDECB8529D58A8200182C82 /* NetworkingManagerHTTPMethod.swift */; };
		7EDECB8829D58AA500182C82 /* NetworkingManagerProvider.swift in Sources */ = {isa = PBXBuildFile; fileRef = 7EDECB8729D58AA500182C82 /* NetworkingManagerProvider.swift */; };
		7EDECB8B29D58AFC00182C82 /* NetworkingManagerModels.swift in Sources */ = {isa = PBXBuildFile; fileRef = 7EDECB8A29D58AFC00182C82 /* NetworkingManagerModels.swift */; };
		7EDECB8D29D58C1500182C82 /* RequestResponseProvider.swift in Sources */ = {isa = PBXBuildFile; fileRef = 7EDECB8C29D58C1500182C82 /* RequestResponseProvider.swift */; };
		7EDECB8F29D58C4600182C82 /* ResultBasic.swift in Sources */ = {isa = PBXBuildFile; fileRef = 7EDECB8E29D58C4600182C82 /* ResultBasic.swift */; };
		7EDECB9129D58C6C00182C82 /* NetworkError.swift in Sources */ = {isa = PBXBuildFile; fileRef = 7EDECB9029D58C6C00182C82 /* NetworkError.swift */; };
		7EDECB9329D58DC100182C82 /* TokenRefresher.swift in Sources */ = {isa = PBXBuildFile; fileRef = 7EDECB9229D58DC100182C82 /* TokenRefresher.swift */; };
		7EDECB9529D58DE800182C82 /* ResultObject.swift in Sources */ = {isa = PBXBuildFile; fileRef = 7EDECB9429D58DE800182C82 /* ResultObject.swift */; };
		7EDECB9829D5901400182C82 /* Tokens.swift in Sources */ = {isa = PBXBuildFile; fileRef = 7EDECB9729D5901400182C82 /* Tokens.swift */; };
		7EDECB9C29D590DB00182C82 /* NetworkingManagerAlamofire.swift in Sources */ = {isa = PBXBuildFile; fileRef = 7EDECB9B29D590DB00182C82 /* NetworkingManagerAlamofire.swift */; };
		7EDECB9E29D5910D00182C82 /* RequestResponseAlamofire.swift in Sources */ = {isa = PBXBuildFile; fileRef = 7EDECB9D29D5910D00182C82 /* RequestResponseAlamofire.swift */; };
		7EDECBA029D5911C00182C82 /* OAuth2HandlerAlamofire.swift in Sources */ = {isa = PBXBuildFile; fileRef = 7EDECB9F29D5911C00182C82 /* OAuth2HandlerAlamofire.swift */; };
		7EDECBA229D59D0600182C82 /* Extensions+Data.swift in Sources */ = {isa = PBXBuildFile; fileRef = 7EDECBA129D59D0600182C82 /* Extensions+Data.swift */; };
		7EDECBA529D5A7E400182C82 /* NetworkRoutable.swift in Sources */ = {isa = PBXBuildFile; fileRef = 7EDECBA429D5A7E400182C82 /* NetworkRoutable.swift */; };
		7EDECBA829D5B06500182C82 /* PlayerNetworkRouter.swift in Sources */ = {isa = PBXBuildFile; fileRef = 7EDECBA729D5B06500182C82 /* PlayerNetworkRouter.swift */; };
		7EDECBAB29D5B0F100182C82 /* PlayerService.swift in Sources */ = {isa = PBXBuildFile; fileRef = 7EDECBAA29D5B0F100182C82 /* PlayerService.swift */; };
		7EDECBAD29D5B40800182C82 /* ApiParameter.swift in Sources */ = {isa = PBXBuildFile; fileRef = 7EDECBAC29D5B40800182C82 /* ApiParameter.swift */; };
		7EDECBAF29D5C4FA00182C82 /* NetworkApiPath.swift in Sources */ = {isa = PBXBuildFile; fileRef = 7EDECBAE29D5C4FA00182C82 /* NetworkApiPath.swift */; };
		7EDECBB629D5D64800182C82 /* SDWebImage in Frameworks */ = {isa = PBXBuildFile; productRef = 7EDECBB529D5D64800182C82 /* SDWebImage */; };
		7EDECBB929D5D66B00182C82 /* Alamofire in Frameworks */ = {isa = PBXBuildFile; productRef = 7EDECBB829D5D66B00182C82 /* Alamofire */; };
		7EDECBBB29D5D83900182C82 /* Extensions+UIImageView.swift in Sources */ = {isa = PBXBuildFile; fileRef = 7EDECBBA29D5D83900182C82 /* Extensions+UIImageView.swift */; };
		D01E7729265E99C800FA65FE /* Match.swift in Sources */ = {isa = PBXBuildFile; fileRef = D01E7728265E99C800FA65FE /* Match.swift */; };
		D01E7777265EEC8F00FA65FE /* PlayerDataTests.swift in Sources */ = {isa = PBXBuildFile; fileRef = D01E7776265EEC8F00FA65FE /* PlayerDataTests.swift */; };
		D01E777C265EF0E900FA65FE /* PlayerDetailDataTests.swift in Sources */ = {isa = PBXBuildFile; fileRef = D01E777B265EF0E900FA65FE /* PlayerDetailDataTests.swift */; };
		D0375642265AE36B009EE660 /* Extensions+Date.swift in Sources */ = {isa = PBXBuildFile; fileRef = D0375641265AE36B009EE660 /* Extensions+Date.swift */; };
		D0375645265B0301009EE660 /* ImagePickerView.swift in Sources */ = {isa = PBXBuildFile; fileRef = D0375644265B0301009EE660 /* ImagePickerView.swift */; };
		D037569B265D9588009EE660 /* TournamentCollectionViewCell.swift in Sources */ = {isa = PBXBuildFile; fileRef = D0375699265D9588009EE660 /* TournamentCollectionViewCell.swift */; };
		D037569C265D9588009EE660 /* TournamentCollectionViewCell.xib in Resources */ = {isa = PBXBuildFile; fileRef = D037569A265D9588009EE660 /* TournamentCollectionViewCell.xib */; };
		D03756A9265D9E7A009EE660 /* TournamentTableViewCell.swift in Sources */ = {isa = PBXBuildFile; fileRef = D03756A7265D9E7A009EE660 /* TournamentTableViewCell.swift */; };
		D03756AA265D9E7A009EE660 /* TournamentTableViewCell.xib in Resources */ = {isa = PBXBuildFile; fileRef = D03756A8265D9E7A009EE660 /* TournamentTableViewCell.xib */; };
		D0394370265847DE0088A386 /* HomeViewController.swift in Sources */ = {isa = PBXBuildFile; fileRef = D039436F265847DE0088A386 /* HomeViewController.swift */; };
		D0394373265848210088A386 /* PlayerListViewController.swift in Sources */ = {isa = PBXBuildFile; fileRef = D0394372265848210088A386 /* PlayerListViewController.swift */; };
		D0394377265849AB0088A386 /* PlayerViewController.swift in Sources */ = {isa = PBXBuildFile; fileRef = D0394376265849AB0088A386 /* PlayerViewController.swift */; };
		D039437A26584A760088A386 /* TournamentBracketViewController.swift in Sources */ = {isa = PBXBuildFile; fileRef = D039437926584A760088A386 /* TournamentBracketViewController.swift */; };
		D039437D26584C5D0088A386 /* Extensions+UIView.swift in Sources */ = {isa = PBXBuildFile; fileRef = D039437C26584C5D0088A386 /* Extensions+UIView.swift */; };
		D039438526584DBB0088A386 /* ApiCaller.swift in Sources */ = {isa = PBXBuildFile; fileRef = D039438426584DBB0088A386 /* ApiCaller.swift */; };
		D039438826584DD40088A386 /* HapticsManager.swift in Sources */ = {isa = PBXBuildFile; fileRef = D039438726584DD40088A386 /* HapticsManager.swift */; };
		D039438E265854C40088A386 /* NavigationViewController.swift in Sources */ = {isa = PBXBuildFile; fileRef = D039438D265854C40088A386 /* NavigationViewController.swift */; };
		D039439126585F910088A386 /* Extensions+UIImage.swift in Sources */ = {isa = PBXBuildFile; fileRef = D039439026585F910088A386 /* Extensions+UIImage.swift */; };
		D0394394265903410088A386 /* BaseViewController.swift in Sources */ = {isa = PBXBuildFile; fileRef = D0394393265903400088A386 /* BaseViewController.swift */; };
		D039439D265924680088A386 /* PlayerTableViewCell.swift in Sources */ = {isa = PBXBuildFile; fileRef = D039439B265924680088A386 /* PlayerTableViewCell.swift */; };
		D039439E265924680088A386 /* PlayerTableViewCell.xib in Resources */ = {isa = PBXBuildFile; fileRef = D039439C265924680088A386 /* PlayerTableViewCell.xib */; };
		D03943A426597DCA0088A386 /* PlayerAddEditViewController.swift in Sources */ = {isa = PBXBuildFile; fileRef = D03943A326597DCA0088A386 /* PlayerAddEditViewController.swift */; };
		D03943A8265991AF0088A386 /* Player.swift in Sources */ = {isa = PBXBuildFile; fileRef = D03943A7265991AF0088A386 /* Player.swift */; };
		D03943B626599FE30088A386 /* Extensions+UIAlertController.swift in Sources */ = {isa = PBXBuildFile; fileRef = D03943B526599FE30088A386 /* Extensions+UIAlertController.swift */; };
		D03943BA2659A57E0088A386 /* Constant.swift in Sources */ = {isa = PBXBuildFile; fileRef = D03943B92659A57E0088A386 /* Constant.swift */; };
		D03943BD2659A8810088A386 /* Extensions+Formatter.swift in Sources */ = {isa = PBXBuildFile; fileRef = D03943BC2659A8810088A386 /* Extensions+Formatter.swift */; };
		D03943C02659A8B40088A386 /* Extensions+Int.swift in Sources */ = {isa = PBXBuildFile; fileRef = D03943BF2659A8B40088A386 /* Extensions+Int.swift */; };
		D03943C32659AB680088A386 /* DefaultResponse.swift in Sources */ = {isa = PBXBuildFile; fileRef = D03943C22659AB680088A386 /* DefaultResponse.swift */; };
		D03943C62659AE450088A386 /* PlayerDetail.swift in Sources */ = {isa = PBXBuildFile; fileRef = D03943C52659AE450088A386 /* PlayerDetail.swift */; };
		D03943CE2659B5860088A386 /* PlayerInfoTableCell.swift in Sources */ = {isa = PBXBuildFile; fileRef = D03943CC2659B5860088A386 /* PlayerInfoTableCell.swift */; };
		D03943CF2659B5860088A386 /* PlayerInfoTableCell.xib in Resources */ = {isa = PBXBuildFile; fileRef = D03943CD2659B5860088A386 /* PlayerInfoTableCell.xib */; };
		D03943D32659C2170088A386 /* Extensions+String.swift in Sources */ = {isa = PBXBuildFile; fileRef = D03943D22659C2170088A386 /* Extensions+String.swift */; };
		D03943DD2659D5050088A386 /* BioTableViewCell.swift in Sources */ = {isa = PBXBuildFile; fileRef = D03943DB2659D5050088A386 /* BioTableViewCell.swift */; };
		D03943DE2659D5050088A386 /* BioTableViewCell.xib in Resources */ = {isa = PBXBuildFile; fileRef = D03943DC2659D5050088A386 /* BioTableViewCell.xib */; };
		D088CDD62667DF7200F96ED3 /* DataResponse.swift in Sources */ = {isa = PBXBuildFile; fileRef = D088CDD52667DF7200F96ED3 /* DataResponse.swift */; };
		D088CDE02667E1FC00F96ED3 /* SetDraw.swift in Sources */ = {isa = PBXBuildFile; fileRef = D088CDDF2667E1FC00F96ED3 /* SetDraw.swift */; };
		D094F6942658225D0011EEA9 /* AppDelegate.swift in Sources */ = {isa = PBXBuildFile; fileRef = D094F6932658225D0011EEA9 /* AppDelegate.swift */; };
		D094F69D2658225F0011EEA9 /* Assets.xcassets in Resources */ = {isa = PBXBuildFile; fileRef = D094F69C2658225F0011EEA9 /* Assets.xcassets */; };
		D094F6B92658292E0011EEA9 /* Main.storyboard in Resources */ = {isa = PBXBuildFile; fileRef = D094F6992658225D0011EEA9 /* Main.storyboard */; };
		D094F6BB265829350011EEA9 /* LaunchScreen.storyboard in Resources */ = {isa = PBXBuildFile; fileRef = D094F69E2658225F0011EEA9 /* LaunchScreen.storyboard */; };
/* End PBXBuildFile section */

/* Begin PBXContainerItemProxy section */
		D01E7767265EEB2E00FA65FE /* PBXContainerItemProxy */ = {
			isa = PBXContainerItemProxy;
			containerPortal = D094F6882658225D0011EEA9 /* Project object */;
			proxyType = 1;
			remoteGlobalIDString = D094F68F2658225D0011EEA9;
			remoteInfo = TournamentApp;
		};
/* End PBXContainerItemProxy section */

/* Begin PBXFileReference section */
		7E451BDC29D72B6C0027827E /* Coordinator.swift */ = {isa = PBXFileReference; lastKnownFileType = sourcecode.swift; path = Coordinator.swift; sourceTree = "<group>"; };
		7E451BDF29D72BAD0027827E /* Router.swift */ = {isa = PBXFileReference; lastKnownFileType = sourcecode.swift; path = Router.swift; sourceTree = "<group>"; };
		7E451BE129D72C020027827E /* NavigationRouter.swift */ = {isa = PBXFileReference; lastKnownFileType = sourcecode.swift; path = NavigationRouter.swift; sourceTree = "<group>"; };
		7E451BE329D85B1B0027827E /* AppDelegateRouter.swift */ = {isa = PBXFileReference; lastKnownFileType = sourcecode.swift; path = AppDelegateRouter.swift; sourceTree = "<group>"; };
		7E451BE529D85E4E0027827E /* StoryboardInstantiable.swift */ = {isa = PBXFileReference; lastKnownFileType = sourcecode.swift; path = StoryboardInstantiable.swift; sourceTree = "<group>"; };
		7E451BE929D87EAC0027827E /* PresentableProvider.swift */ = {isa = PBXFileReference; lastKnownFileType = sourcecode.swift; path = PresentableProvider.swift; sourceTree = "<group>"; };
		7E451BEB29D87F280027827E /* AlertableProvider.swift */ = {isa = PBXFileReference; lastKnownFileType = sourcecode.swift; path = AlertableProvider.swift; sourceTree = "<group>"; };
		7E451BED29D87F2D0027827E /* Alert.swift */ = {isa = PBXFileReference; lastKnownFileType = sourcecode.swift; path = Alert.swift; sourceTree = "<group>"; };
		7E451BEF29D87F2F0027827E /* AlertFactory.swift */ = {isa = PBXFileReference; lastKnownFileType = sourcecode.swift; path = AlertFactory.swift; sourceTree = "<group>"; };
		7E451BF329D87F3F0027827E /* DefaultAlert.swift */ = {isa = PBXFileReference; fileEncoding = 4; lastKnownFileType = sourcecode.swift; path = DefaultAlert.swift; sourceTree = "<group>"; };
		7E451BF429D87F3F0027827E /* ErrorAlert.swift */ = {isa = PBXFileReference; fileEncoding = 4; lastKnownFileType = sourcecode.swift; path = ErrorAlert.swift; sourceTree = "<group>"; };
		7EAD534229D5DA8C0098B9B3 /* WebImageProvider.swift */ = {isa = PBXFileReference; lastKnownFileType = sourcecode.swift; path = WebImageProvider.swift; sourceTree = "<group>"; };
		7EAD534529D5E02B0098B9B3 /* HomeViewModel.swift */ = {isa = PBXFileReference; lastKnownFileType = sourcecode.swift; path = HomeViewModel.swift; sourceTree = "<group>"; };
		7EAD534729D5E46B0098B9B3 /* PlayerListViewModel.swift */ = {isa = PBXFileReference; lastKnownFileType = sourcecode.swift; path = PlayerListViewModel.swift; sourceTree = "<group>"; };
		7ED679B629D88BD3007990AC /* PlayerViewModel.swift */ = {isa = PBXFileReference; lastKnownFileType = sourcecode.swift; path = PlayerViewModel.swift; sourceTree = "<group>"; };
		7ED679B829D897A1007990AC /* LocalImage.swift */ = {isa = PBXFileReference; lastKnownFileType = sourcecode.swift; path = LocalImage.swift; sourceTree = "<group>"; };
		7ED679BA29D8A751007990AC /* ConfirmAlert.swift */ = {isa = PBXFileReference; lastKnownFileType = sourcecode.swift; path = ConfirmAlert.swift; sourceTree = "<group>"; };
		7EDECB8329D58A6B00182C82 /* NetworkingManagerParameterEncoding.swift */ = {isa = PBXFileReference; lastKnownFileType = sourcecode.swift; path = NetworkingManagerParameterEncoding.swift; sourceTree = "<group>"; };
		7EDECB8529D58A8200182C82 /* NetworkingManagerHTTPMethod.swift */ = {isa = PBXFileReference; lastKnownFileType = sourcecode.swift; path = NetworkingManagerHTTPMethod.swift; sourceTree = "<group>"; };
		7EDECB8729D58AA500182C82 /* NetworkingManagerProvider.swift */ = {isa = PBXFileReference; lastKnownFileType = sourcecode.swift; path = NetworkingManagerProvider.swift; sourceTree = "<group>"; };
		7EDECB8A29D58AFC00182C82 /* NetworkingManagerModels.swift */ = {isa = PBXFileReference; lastKnownFileType = sourcecode.swift; path = NetworkingManagerModels.swift; sourceTree = "<group>"; };
		7EDECB8C29D58C1500182C82 /* RequestResponseProvider.swift */ = {isa = PBXFileReference; lastKnownFileType = sourcecode.swift; path = RequestResponseProvider.swift; sourceTree = "<group>"; };
		7EDECB8E29D58C4600182C82 /* ResultBasic.swift */ = {isa = PBXFileReference; lastKnownFileType = sourcecode.swift; path = ResultBasic.swift; sourceTree = "<group>"; };
		7EDECB9029D58C6C00182C82 /* NetworkError.swift */ = {isa = PBXFileReference; lastKnownFileType = sourcecode.swift; path = NetworkError.swift; sourceTree = "<group>"; };
		7EDECB9229D58DC100182C82 /* TokenRefresher.swift */ = {isa = PBXFileReference; lastKnownFileType = sourcecode.swift; path = TokenRefresher.swift; sourceTree = "<group>"; };
		7EDECB9429D58DE800182C82 /* ResultObject.swift */ = {isa = PBXFileReference; lastKnownFileType = sourcecode.swift; path = ResultObject.swift; sourceTree = "<group>"; };
		7EDECB9729D5901400182C82 /* Tokens.swift */ = {isa = PBXFileReference; lastKnownFileType = sourcecode.swift; path = Tokens.swift; sourceTree = "<group>"; };
		7EDECB9B29D590DB00182C82 /* NetworkingManagerAlamofire.swift */ = {isa = PBXFileReference; lastKnownFileType = sourcecode.swift; path = NetworkingManagerAlamofire.swift; sourceTree = "<group>"; };
		7EDECB9D29D5910D00182C82 /* RequestResponseAlamofire.swift */ = {isa = PBXFileReference; lastKnownFileType = sourcecode.swift; path = RequestResponseAlamofire.swift; sourceTree = "<group>"; };
		7EDECB9F29D5911C00182C82 /* OAuth2HandlerAlamofire.swift */ = {isa = PBXFileReference; lastKnownFileType = sourcecode.swift; path = OAuth2HandlerAlamofire.swift; sourceTree = "<group>"; };
		7EDECBA129D59D0600182C82 /* Extensions+Data.swift */ = {isa = PBXFileReference; lastKnownFileType = sourcecode.swift; path = "Extensions+Data.swift"; sourceTree = "<group>"; };
		7EDECBA429D5A7E400182C82 /* NetworkRoutable.swift */ = {isa = PBXFileReference; lastKnownFileType = sourcecode.swift; path = NetworkRoutable.swift; sourceTree = "<group>"; };
		7EDECBA729D5B06500182C82 /* PlayerNetworkRouter.swift */ = {isa = PBXFileReference; lastKnownFileType = sourcecode.swift; path = PlayerNetworkRouter.swift; sourceTree = "<group>"; };
		7EDECBAA29D5B0F100182C82 /* PlayerService.swift */ = {isa = PBXFileReference; lastKnownFileType = sourcecode.swift; path = PlayerService.swift; sourceTree = "<group>"; };
		7EDECBAC29D5B40800182C82 /* ApiParameter.swift */ = {isa = PBXFileReference; lastKnownFileType = sourcecode.swift; path = ApiParameter.swift; sourceTree = "<group>"; };
		7EDECBAE29D5C4FA00182C82 /* NetworkApiPath.swift */ = {isa = PBXFileReference; lastKnownFileType = sourcecode.swift; path = NetworkApiPath.swift; sourceTree = "<group>"; };
		7EDECBBA29D5D83900182C82 /* Extensions+UIImageView.swift */ = {isa = PBXFileReference; lastKnownFileType = sourcecode.swift; path = "Extensions+UIImageView.swift"; sourceTree = "<group>"; };
		D01E7728265E99C800FA65FE /* Match.swift */ = {isa = PBXFileReference; lastKnownFileType = sourcecode.swift; path = Match.swift; sourceTree = "<group>"; };
		D01E7762265EEB2E00FA65FE /* TournamentAppTests.xctest */ = {isa = PBXFileReference; explicitFileType = wrapper.cfbundle; includeInIndex = 0; path = TournamentAppTests.xctest; sourceTree = BUILT_PRODUCTS_DIR; };
		D01E7766265EEB2E00FA65FE /* Info.plist */ = {isa = PBXFileReference; lastKnownFileType = text.plist.xml; path = Info.plist; sourceTree = "<group>"; };
		D01E7776265EEC8F00FA65FE /* PlayerDataTests.swift */ = {isa = PBXFileReference; lastKnownFileType = sourcecode.swift; path = PlayerDataTests.swift; sourceTree = "<group>"; };
		D01E777B265EF0E900FA65FE /* PlayerDetailDataTests.swift */ = {isa = PBXFileReference; lastKnownFileType = sourcecode.swift; path = PlayerDetailDataTests.swift; sourceTree = "<group>"; };
		D0375641265AE36B009EE660 /* Extensions+Date.swift */ = {isa = PBXFileReference; lastKnownFileType = sourcecode.swift; path = "Extensions+Date.swift"; sourceTree = "<group>"; };
		D0375644265B0301009EE660 /* ImagePickerView.swift */ = {isa = PBXFileReference; lastKnownFileType = sourcecode.swift; path = ImagePickerView.swift; sourceTree = "<group>"; };
		D0375699265D9588009EE660 /* TournamentCollectionViewCell.swift */ = {isa = PBXFileReference; lastKnownFileType = sourcecode.swift; path = TournamentCollectionViewCell.swift; sourceTree = "<group>"; };
		D037569A265D9588009EE660 /* TournamentCollectionViewCell.xib */ = {isa = PBXFileReference; lastKnownFileType = file.xib; path = TournamentCollectionViewCell.xib; sourceTree = "<group>"; };
		D03756A7265D9E7A009EE660 /* TournamentTableViewCell.swift */ = {isa = PBXFileReference; lastKnownFileType = sourcecode.swift; path = TournamentTableViewCell.swift; sourceTree = "<group>"; };
		D03756A8265D9E7A009EE660 /* TournamentTableViewCell.xib */ = {isa = PBXFileReference; lastKnownFileType = file.xib; path = TournamentTableViewCell.xib; sourceTree = "<group>"; };
		D039436F265847DE0088A386 /* HomeViewController.swift */ = {isa = PBXFileReference; lastKnownFileType = sourcecode.swift; path = HomeViewController.swift; sourceTree = "<group>"; };
		D0394372265848210088A386 /* PlayerListViewController.swift */ = {isa = PBXFileReference; lastKnownFileType = sourcecode.swift; path = PlayerListViewController.swift; sourceTree = "<group>"; };
		D0394376265849AB0088A386 /* PlayerViewController.swift */ = {isa = PBXFileReference; lastKnownFileType = sourcecode.swift; path = PlayerViewController.swift; sourceTree = "<group>"; };
		D039437926584A760088A386 /* TournamentBracketViewController.swift */ = {isa = PBXFileReference; lastKnownFileType = sourcecode.swift; path = TournamentBracketViewController.swift; sourceTree = "<group>"; };
		D039437C26584C5D0088A386 /* Extensions+UIView.swift */ = {isa = PBXFileReference; lastKnownFileType = sourcecode.swift; path = "Extensions+UIView.swift"; sourceTree = "<group>"; };
		D039438426584DBB0088A386 /* ApiCaller.swift */ = {isa = PBXFileReference; lastKnownFileType = sourcecode.swift; path = ApiCaller.swift; sourceTree = "<group>"; };
		D039438726584DD40088A386 /* HapticsManager.swift */ = {isa = PBXFileReference; lastKnownFileType = sourcecode.swift; path = HapticsManager.swift; sourceTree = "<group>"; };
		D039438D265854C40088A386 /* NavigationViewController.swift */ = {isa = PBXFileReference; lastKnownFileType = sourcecode.swift; path = NavigationViewController.swift; sourceTree = "<group>"; };
		D039439026585F910088A386 /* Extensions+UIImage.swift */ = {isa = PBXFileReference; lastKnownFileType = sourcecode.swift; path = "Extensions+UIImage.swift"; sourceTree = "<group>"; };
		D0394393265903400088A386 /* BaseViewController.swift */ = {isa = PBXFileReference; lastKnownFileType = sourcecode.swift; path = BaseViewController.swift; sourceTree = "<group>"; };
		D039439B265924680088A386 /* PlayerTableViewCell.swift */ = {isa = PBXFileReference; lastKnownFileType = sourcecode.swift; path = PlayerTableViewCell.swift; sourceTree = "<group>"; };
		D039439C265924680088A386 /* PlayerTableViewCell.xib */ = {isa = PBXFileReference; lastKnownFileType = file.xib; path = PlayerTableViewCell.xib; sourceTree = "<group>"; };
		D03943A326597DCA0088A386 /* PlayerAddEditViewController.swift */ = {isa = PBXFileReference; lastKnownFileType = sourcecode.swift; path = PlayerAddEditViewController.swift; sourceTree = "<group>"; };
		D03943A7265991AF0088A386 /* Player.swift */ = {isa = PBXFileReference; lastKnownFileType = sourcecode.swift; path = Player.swift; sourceTree = "<group>"; };
		D03943B526599FE30088A386 /* Extensions+UIAlertController.swift */ = {isa = PBXFileReference; lastKnownFileType = sourcecode.swift; path = "Extensions+UIAlertController.swift"; sourceTree = "<group>"; };
		D03943B92659A57E0088A386 /* Constant.swift */ = {isa = PBXFileReference; lastKnownFileType = sourcecode.swift; path = Constant.swift; sourceTree = "<group>"; };
		D03943BC2659A8810088A386 /* Extensions+Formatter.swift */ = {isa = PBXFileReference; lastKnownFileType = sourcecode.swift; path = "Extensions+Formatter.swift"; sourceTree = "<group>"; };
		D03943BF2659A8B40088A386 /* Extensions+Int.swift */ = {isa = PBXFileReference; lastKnownFileType = sourcecode.swift; path = "Extensions+Int.swift"; sourceTree = "<group>"; };
		D03943C22659AB680088A386 /* DefaultResponse.swift */ = {isa = PBXFileReference; lastKnownFileType = sourcecode.swift; path = DefaultResponse.swift; sourceTree = "<group>"; };
		D03943C52659AE450088A386 /* PlayerDetail.swift */ = {isa = PBXFileReference; lastKnownFileType = sourcecode.swift; path = PlayerDetail.swift; sourceTree = "<group>"; };
		D03943CC2659B5860088A386 /* PlayerInfoTableCell.swift */ = {isa = PBXFileReference; lastKnownFileType = sourcecode.swift; path = PlayerInfoTableCell.swift; sourceTree = "<group>"; };
		D03943CD2659B5860088A386 /* PlayerInfoTableCell.xib */ = {isa = PBXFileReference; lastKnownFileType = file.xib; path = PlayerInfoTableCell.xib; sourceTree = "<group>"; };
		D03943D22659C2170088A386 /* Extensions+String.swift */ = {isa = PBXFileReference; lastKnownFileType = sourcecode.swift; path = "Extensions+String.swift"; sourceTree = "<group>"; };
		D03943DB2659D5050088A386 /* BioTableViewCell.swift */ = {isa = PBXFileReference; lastKnownFileType = sourcecode.swift; path = BioTableViewCell.swift; sourceTree = "<group>"; };
		D03943DC2659D5050088A386 /* BioTableViewCell.xib */ = {isa = PBXFileReference; lastKnownFileType = file.xib; path = BioTableViewCell.xib; sourceTree = "<group>"; };
		D088CDD52667DF7200F96ED3 /* DataResponse.swift */ = {isa = PBXFileReference; lastKnownFileType = sourcecode.swift; path = DataResponse.swift; sourceTree = "<group>"; };
		D088CDDF2667E1FC00F96ED3 /* SetDraw.swift */ = {isa = PBXFileReference; lastKnownFileType = sourcecode.swift; path = SetDraw.swift; sourceTree = "<group>"; };
		D094F6902658225D0011EEA9 /* TournamentApp.app */ = {isa = PBXFileReference; explicitFileType = wrapper.application; includeInIndex = 0; path = TournamentApp.app; sourceTree = BUILT_PRODUCTS_DIR; };
		D094F6932658225D0011EEA9 /* AppDelegate.swift */ = {isa = PBXFileReference; lastKnownFileType = sourcecode.swift; path = AppDelegate.swift; sourceTree = "<group>"; };
		D094F69A2658225D0011EEA9 /* Base */ = {isa = PBXFileReference; lastKnownFileType = file.storyboard; name = Base; path = Base.lproj/Main.storyboard; sourceTree = "<group>"; };
		D094F69C2658225F0011EEA9 /* Assets.xcassets */ = {isa = PBXFileReference; lastKnownFileType = folder.assetcatalog; path = Assets.xcassets; sourceTree = "<group>"; };
		D094F69F2658225F0011EEA9 /* Base */ = {isa = PBXFileReference; lastKnownFileType = file.storyboard; name = Base; path = Base.lproj/LaunchScreen.storyboard; sourceTree = "<group>"; };
		D094F6A12658225F0011EEA9 /* Info.plist */ = {isa = PBXFileReference; lastKnownFileType = text.plist.xml; name = Info.plist; path = "TournamentApp/Supporting Files/Info.plist"; sourceTree = SOURCE_ROOT; };
/* End PBXFileReference section */

/* Begin PBXFrameworksBuildPhase section */
		D01E775F265EEB2E00FA65FE /* Frameworks */ = {
			isa = PBXFrameworksBuildPhase;
			buildActionMask = 2147483647;
			files = (
			);
			runOnlyForDeploymentPostprocessing = 0;
		};
		D094F68D2658225D0011EEA9 /* Frameworks */ = {
			isa = PBXFrameworksBuildPhase;
			buildActionMask = 2147483647;
			files = (
				7EDECBB929D5D66B00182C82 /* Alamofire in Frameworks */,
				7EDECBB629D5D64800182C82 /* SDWebImage in Frameworks */,
			);
			runOnlyForDeploymentPostprocessing = 0;
		};
/* End PBXFrameworksBuildPhase section */

/* Begin PBXGroup section */
		7E451BDB29D72B210027827E /* Coordinator */ = {
			isa = PBXGroup;
			children = (
				7E451BDC29D72B6C0027827E /* Coordinator.swift */,
			);
			path = Coordinator;
			sourceTree = "<group>";
		};
		7E451BDE29D72B930027827E /* Routers */ = {
			isa = PBXGroup;
			children = (
				7E451BDF29D72BAD0027827E /* Router.swift */,
				7E451BE129D72C020027827E /* NavigationRouter.swift */,
				7E451BE329D85B1B0027827E /* AppDelegateRouter.swift */,
			);
			path = Routers;
			sourceTree = "<group>";
		};
		7E451BF129D87F340027827E /* Alerts */ = {
			isa = PBXGroup;
			children = (
				7E451BF329D87F3F0027827E /* DefaultAlert.swift */,
				7E451BF429D87F3F0027827E /* ErrorAlert.swift */,
				7ED679BA29D8A751007990AC /* ConfirmAlert.swift */,
			);
			path = Alerts;
			sourceTree = "<group>";
		};
		7E451BF829D87F500027827E /* AlertFactory */ = {
			isa = PBXGroup;
			children = (
				7E451BEB29D87F280027827E /* AlertableProvider.swift */,
				7E451BED29D87F2D0027827E /* Alert.swift */,
				7E451BEF29D87F2F0027827E /* AlertFactory.swift */,
				7E451BF129D87F340027827E /* Alerts */,
			);
			path = AlertFactory;
			sourceTree = "<group>";
		};
		7EAD534429D5E0010098B9B3 /* ViewModels */ = {
			isa = PBXGroup;
			children = (
				7EAD534529D5E02B0098B9B3 /* HomeViewModel.swift */,
				7EAD534729D5E46B0098B9B3 /* PlayerListViewModel.swift */,
				7ED679B629D88BD3007990AC /* PlayerViewModel.swift */,
			);
			path = ViewModels;
			sourceTree = "<group>";
		};
		7EDECB8129D583BF00182C82 /* Utilities */ = {
			isa = PBXGroup;
			children = (
				7E451BF829D87F500027827E /* AlertFactory */,
				7E451BDE29D72B930027827E /* Routers */,
				7E451BDB29D72B210027827E /* Coordinator */,
				D03943B92659A57E0088A386 /* Constant.swift */,
				7EDECB9629D58DF800182C82 /* Result */,
				D088CDDF2667E1FC00F96ED3 /* SetDraw.swift */,
				7EAD534229D5DA8C0098B9B3 /* WebImageProvider.swift */,
				7E451BE529D85E4E0027827E /* StoryboardInstantiable.swift */,
				7E451BE929D87EAC0027827E /* PresentableProvider.swift */,
			);
			path = Utilities;
			sourceTree = "<group>";
		};
		7EDECB8229D58A3600182C82 /* NetworkingManager */ = {
			isa = PBXGroup;
			children = (
				7EDECB9A29D590C600182C82 /* Alamofire */,
				7EDECB9929D590A100182C82 /* Protocols */,
				7EDECB8929D58AD500182C82 /* Models */,
			);
			path = NetworkingManager;
			sourceTree = "<group>";
		};
		7EDECB8929D58AD500182C82 /* Models */ = {
			isa = PBXGroup;
			children = (
				7EDECB8529D58A8200182C82 /* NetworkingManagerHTTPMethod.swift */,
				7EDECB8329D58A6B00182C82 /* NetworkingManagerParameterEncoding.swift */,
				7EDECB8A29D58AFC00182C82 /* NetworkingManagerModels.swift */,
				7EDECB9029D58C6C00182C82 /* NetworkError.swift */,
				7EDECB9729D5901400182C82 /* Tokens.swift */,
				7EDECBAC29D5B40800182C82 /* ApiParameter.swift */,
			);
			path = Models;
			sourceTree = "<group>";
		};
		7EDECB9629D58DF800182C82 /* Result */ = {
			isa = PBXGroup;
			children = (
				7EDECB8E29D58C4600182C82 /* ResultBasic.swift */,
				7EDECB9429D58DE800182C82 /* ResultObject.swift */,
			);
			path = Result;
			sourceTree = "<group>";
		};
		7EDECB9929D590A100182C82 /* Protocols */ = {
			isa = PBXGroup;
			children = (
				7EDECB8729D58AA500182C82 /* NetworkingManagerProvider.swift */,
				7EDECB8C29D58C1500182C82 /* RequestResponseProvider.swift */,
				7EDECB9229D58DC100182C82 /* TokenRefresher.swift */,
			);
			path = Protocols;
			sourceTree = "<group>";
		};
		7EDECB9A29D590C600182C82 /* Alamofire */ = {
			isa = PBXGroup;
			children = (
				7EDECB9B29D590DB00182C82 /* NetworkingManagerAlamofire.swift */,
				7EDECB9D29D5910D00182C82 /* RequestResponseAlamofire.swift */,
				7EDECB9F29D5911C00182C82 /* OAuth2HandlerAlamofire.swift */,
			);
			path = Alamofire;
			sourceTree = "<group>";
		};
		7EDECBA329D5A7D400182C82 /* Routable */ = {
			isa = PBXGroup;
			children = (
				7EDECBA629D5B03100182C82 /* Routers */,
				7EDECBA429D5A7E400182C82 /* NetworkRoutable.swift */,
			);
			path = Routable;
			sourceTree = "<group>";
		};
		7EDECBA629D5B03100182C82 /* Routers */ = {
			isa = PBXGroup;
			children = (
				7EDECBA729D5B06500182C82 /* PlayerNetworkRouter.swift */,
			);
			path = Routers;
			sourceTree = "<group>";
		};
		7EDECBA929D5B0DC00182C82 /* Services */ = {
			isa = PBXGroup;
			children = (
				7EDECBAA29D5B0F100182C82 /* PlayerService.swift */,
			);
			path = Services;
			sourceTree = "<group>";
		};
		D01E7763265EEB2E00FA65FE /* TournamentAppTests */ = {
			isa = PBXGroup;
			children = (
				D01E776E265EEB7600FA65FE /* Cases */,
				D01E7766265EEB2E00FA65FE /* Info.plist */,
			);
			path = TournamentAppTests;
			sourceTree = "<group>";
		};
		D01E776E265EEB7600FA65FE /* Cases */ = {
			isa = PBXGroup;
			children = (
				D01E7785265EF4BE00FA65FE /* Models */,
			);
			path = Cases;
			sourceTree = "<group>";
		};
		D01E7775265EEC4C00FA65FE /* Player Model */ = {
			isa = PBXGroup;
			children = (
				D01E7776265EEC8F00FA65FE /* PlayerDataTests.swift */,
			);
			path = "Player Model";
			sourceTree = "<group>";
		};
		D01E777A265EF0B300FA65FE /* PlayerDetail Model  */ = {
			isa = PBXGroup;
			children = (
				D01E777B265EF0E900FA65FE /* PlayerDetailDataTests.swift */,
			);
			path = "PlayerDetail Model ";
			sourceTree = "<group>";
		};
		D01E7785265EF4BE00FA65FE /* Models */ = {
			isa = PBXGroup;
			children = (
				D01E777A265EF0B300FA65FE /* PlayerDetail Model  */,
				D01E7775265EEC4C00FA65FE /* Player Model */,
			);
			path = Models;
			sourceTree = "<group>";
		};
		D0375647265BC2BF009EE660 /* Other */ = {
			isa = PBXGroup;
			children = (
				D0375644265B0301009EE660 /* ImagePickerView.swift */,
			);
			path = Other;
			sourceTree = "<group>";
		};
		D0375697265D8EE4009EE660 /* CollectionCell */ = {
			isa = PBXGroup;
			children = (
				D037569E265D9591009EE660 /* TournamentCollectionViewCell */,
			);
			path = CollectionCell;
			sourceTree = "<group>";
		};
		D037569E265D9591009EE660 /* TournamentCollectionViewCell */ = {
			isa = PBXGroup;
			children = (
				D0375699265D9588009EE660 /* TournamentCollectionViewCell.swift */,
				D037569A265D9588009EE660 /* TournamentCollectionViewCell.xib */,
			);
			path = TournamentCollectionViewCell;
			sourceTree = "<group>";
		};
		D03756A0265D9E29009EE660 /* TournomentTableViewCell */ = {
			isa = PBXGroup;
			children = (
				D03756A7265D9E7A009EE660 /* TournamentTableViewCell.swift */,
				D03756A8265D9E7A009EE660 /* TournamentTableViewCell.xib */,
			);
			path = TournomentTableViewCell;
			sourceTree = "<group>";
		};
		D039437F26584C680088A386 /* Haptics */ = {
			isa = PBXGroup;
			children = (
				D039438726584DD40088A386 /* HapticsManager.swift */,
			);
			path = Haptics;
			sourceTree = "<group>";
		};
		D039438026584C8B0088A386 /* Networking */ = {
			isa = PBXGroup;
			children = (
				7EDECBA929D5B0DC00182C82 /* Services */,
				7EDECBA329D5A7D400182C82 /* Routable */,
				7EDECB8229D58A3600182C82 /* NetworkingManager */,
				D039438426584DBB0088A386 /* ApiCaller.swift */,
				7EDECBAE29D5C4FA00182C82 /* NetworkApiPath.swift */,
			);
			path = Networking;
			sourceTree = "<group>";
		};
		D039438A265850BC0088A386 /* TableCell */ = {
			isa = PBXGroup;
			children = (
				D03756A0265D9E29009EE660 /* TournomentTableViewCell */,
				D03943D52659D3120088A386 /* BioTableVIewCell */,
				D03943CB2659B5650088A386 /* PlayerInfoTableCell */,
				D03943A02659246E0088A386 /* PlayerTableViewCell */,
			);
			path = TableCell;
			sourceTree = "<group>";
		};
		D039438C265854AB0088A386 /* Other */ = {
			isa = PBXGroup;
			children = (
				D039438D265854C40088A386 /* NavigationViewController.swift */,
				D0394393265903400088A386 /* BaseViewController.swift */,
			);
			path = Other;
			sourceTree = "<group>";
		};
		D03943A02659246E0088A386 /* PlayerTableViewCell */ = {
			isa = PBXGroup;
			children = (
				D039439B265924680088A386 /* PlayerTableViewCell.swift */,
				D039439C265924680088A386 /* PlayerTableViewCell.xib */,
			);
			path = PlayerTableViewCell;
			sourceTree = "<group>";
		};
		D03943CB2659B5650088A386 /* PlayerInfoTableCell */ = {
			isa = PBXGroup;
			children = (
				D03943CC2659B5860088A386 /* PlayerInfoTableCell.swift */,
				D03943CD2659B5860088A386 /* PlayerInfoTableCell.xib */,
			);
			path = PlayerInfoTableCell;
			sourceTree = "<group>";
		};
		D03943D52659D3120088A386 /* BioTableVIewCell */ = {
			isa = PBXGroup;
			children = (
				D03943DB2659D5050088A386 /* BioTableViewCell.swift */,
				D03943DC2659D5050088A386 /* BioTableViewCell.xib */,
			);
			path = BioTableVIewCell;
			sourceTree = "<group>";
		};
		D094F6872658225D0011EEA9 = {
			isa = PBXGroup;
			children = (
				D094F6922658225D0011EEA9 /* TournamentApp */,
				D01E7763265EEB2E00FA65FE /* TournamentAppTests */,
				D094F6912658225D0011EEA9 /* Products */,
			);
			sourceTree = "<group>";
		};
		D094F6912658225D0011EEA9 /* Products */ = {
			isa = PBXGroup;
			children = (
				D094F6902658225D0011EEA9 /* TournamentApp.app */,
				D01E7762265EEB2E00FA65FE /* TournamentAppTests.xctest */,
			);
			name = Products;
			sourceTree = "<group>";
		};
		D094F6922658225D0011EEA9 /* TournamentApp */ = {
			isa = PBXGroup;
			children = (
				D094F6B1265827E20011EEA9 /* Startup */,
				D094F6AD2658234B0011EEA9 /* Resources */,
				D094F6AF265824100011EEA9 /* Managers */,
				D094F6A9265822A30011EEA9 /* Models */,
				D094F6AA265822AF0011EEA9 /* Views */,
				D094F6AC265822BA0011EEA9 /* Controllers */,
				7EAD534429D5E0010098B9B3 /* ViewModels */,
				D094F6AE2658236A0011EEA9 /* Extensions */,
				7EDECB8129D583BF00182C82 /* Utilities */,
				D094F6B2265828310011EEA9 /* Supporting Files */,
			);
			path = TournamentApp;
			sourceTree = "<group>";
		};
		D094F6A9265822A30011EEA9 /* Models */ = {
			isa = PBXGroup;
			children = (
				D03943A7265991AF0088A386 /* Player.swift */,
				D03943C52659AE450088A386 /* PlayerDetail.swift */,
				D01E7728265E99C800FA65FE /* Match.swift */,
				D03943C22659AB680088A386 /* DefaultResponse.swift */,
				D088CDD52667DF7200F96ED3 /* DataResponse.swift */,
			);
			path = Models;
			sourceTree = "<group>";
		};
		D094F6AA265822AF0011EEA9 /* Views */ = {
			isa = PBXGroup;
			children = (
				D0375697265D8EE4009EE660 /* CollectionCell */,
				D039438A265850BC0088A386 /* TableCell */,
				D0375647265BC2BF009EE660 /* Other */,
				D094F6992658225D0011EEA9 /* Main.storyboard */,
			);
			path = Views;
			sourceTree = "<group>";
		};
		D094F6AC265822BA0011EEA9 /* Controllers */ = {
			isa = PBXGroup;
			children = (
				D039438C265854AB0088A386 /* Other */,
				D039436F265847DE0088A386 /* HomeViewController.swift */,
				D0394372265848210088A386 /* PlayerListViewController.swift */,
				D0394376265849AB0088A386 /* PlayerViewController.swift */,
				D03943A326597DCA0088A386 /* PlayerAddEditViewController.swift */,
				D039437926584A760088A386 /* TournamentBracketViewController.swift */,
			);
			path = Controllers;
			sourceTree = "<group>";
		};
		D094F6AD2658234B0011EEA9 /* Resources */ = {
			isa = PBXGroup;
			children = (
				D094F69C2658225F0011EEA9 /* Assets.xcassets */,
				7ED679B829D897A1007990AC /* LocalImage.swift */,
			);
			path = Resources;
			sourceTree = "<group>";
		};
		D094F6AE2658236A0011EEA9 /* Extensions */ = {
			isa = PBXGroup;
			children = (
				D039437C26584C5D0088A386 /* Extensions+UIView.swift */,
				D039439026585F910088A386 /* Extensions+UIImage.swift */,
				D03943B526599FE30088A386 /* Extensions+UIAlertController.swift */,
				D03943BC2659A8810088A386 /* Extensions+Formatter.swift */,
				D03943BF2659A8B40088A386 /* Extensions+Int.swift */,
				D03943D22659C2170088A386 /* Extensions+String.swift */,
				D0375641265AE36B009EE660 /* Extensions+Date.swift */,
				7EDECBA129D59D0600182C82 /* Extensions+Data.swift */,
				7EDECBBA29D5D83900182C82 /* Extensions+UIImageView.swift */,
			);
			path = Extensions;
			sourceTree = "<group>";
		};
		D094F6AF265824100011EEA9 /* Managers */ = {
			isa = PBXGroup;
			children = (
				D039438026584C8B0088A386 /* Networking */,
				D039437F26584C680088A386 /* Haptics */,
			);
			path = Managers;
			sourceTree = "<group>";
		};
		D094F6B1265827E20011EEA9 /* Startup */ = {
			isa = PBXGroup;
			children = (
				D094F6932658225D0011EEA9 /* AppDelegate.swift */,
			);
			path = Startup;
			sourceTree = "<group>";
		};
		D094F6B2265828310011EEA9 /* Supporting Files */ = {
			isa = PBXGroup;
			children = (
				D094F6A12658225F0011EEA9 /* Info.plist */,
				D094F69E2658225F0011EEA9 /* LaunchScreen.storyboard */,
			);
			path = "Supporting Files";
			sourceTree = "<group>";
		};
/* End PBXGroup section */

/* Begin PBXNativeTarget section */
		D01E7761265EEB2E00FA65FE /* TournamentAppTests */ = {
			isa = PBXNativeTarget;
			buildConfigurationList = D01E776B265EEB2E00FA65FE /* Build configuration list for PBXNativeTarget "TournamentAppTests" */;
			buildPhases = (
				D01E775E265EEB2E00FA65FE /* Sources */,
				D01E775F265EEB2E00FA65FE /* Frameworks */,
				D01E7760265EEB2E00FA65FE /* Resources */,
			);
			buildRules = (
			);
			dependencies = (
				D01E7768265EEB2E00FA65FE /* PBXTargetDependency */,
			);
			name = TournamentAppTests;
			productName = TournamentAppTests;
			productReference = D01E7762265EEB2E00FA65FE /* TournamentAppTests.xctest */;
			productType = "com.apple.product-type.bundle.unit-test";
		};
		D094F68F2658225D0011EEA9 /* TournamentApp */ = {
			isa = PBXNativeTarget;
			buildConfigurationList = D094F6A42658225F0011EEA9 /* Build configuration list for PBXNativeTarget "TournamentApp" */;
			buildPhases = (
				D094F68C2658225D0011EEA9 /* Sources */,
				D094F68D2658225D0011EEA9 /* Frameworks */,
				D094F68E2658225D0011EEA9 /* Resources */,
			);
			buildRules = (
			);
			dependencies = (
			);
			name = TournamentApp;
			packageProductDependencies = (
				7EDECBB529D5D64800182C82 /* SDWebImage */,
				7EDECBB829D5D66B00182C82 /* Alamofire */,
			);
			productName = TournamentApp;
			productReference = D094F6902658225D0011EEA9 /* TournamentApp.app */;
			productType = "com.apple.product-type.application";
		};
/* End PBXNativeTarget section */

/* Begin PBXProject section */
		D094F6882658225D0011EEA9 /* Project object */ = {
			isa = PBXProject;
			attributes = {
				LastSwiftUpdateCheck = 1220;
				LastUpgradeCheck = 1220;
				TargetAttributes = {
					D01E7761265EEB2E00FA65FE = {
						CreatedOnToolsVersion = 12.2;
						LastSwiftMigration = 1220;
						TestTargetID = D094F68F2658225D0011EEA9;
					};
					D094F68F2658225D0011EEA9 = {
						CreatedOnToolsVersion = 12.2;
					};
				};
			};
			buildConfigurationList = D094F68B2658225D0011EEA9 /* Build configuration list for PBXProject "TournamentApp" */;
			compatibilityVersion = "Xcode 9.3";
			developmentRegion = en;
			hasScannedForEncodings = 0;
			knownRegions = (
				en,
				Base,
			);
			mainGroup = D094F6872658225D0011EEA9;
			packageReferences = (
				7EDECBB429D5D64800182C82 /* XCRemoteSwiftPackageReference "SDWebImage" */,
				7EDECBB729D5D66B00182C82 /* XCRemoteSwiftPackageReference "Alamofire" */,
			);
			productRefGroup = D094F6912658225D0011EEA9 /* Products */;
			projectDirPath = "";
			projectRoot = "";
			targets = (
				D094F68F2658225D0011EEA9 /* TournamentApp */,
				D01E7761265EEB2E00FA65FE /* TournamentAppTests */,
			);
		};
/* End PBXProject section */

/* Begin PBXResourcesBuildPhase section */
		D01E7760265EEB2E00FA65FE /* Resources */ = {
			isa = PBXResourcesBuildPhase;
			buildActionMask = 2147483647;
			files = (
			);
			runOnlyForDeploymentPostprocessing = 0;
		};
		D094F68E2658225D0011EEA9 /* Resources */ = {
			isa = PBXResourcesBuildPhase;
			buildActionMask = 2147483647;
			files = (
				D03943DE2659D5050088A386 /* BioTableViewCell.xib in Resources */,
				D039439E265924680088A386 /* PlayerTableViewCell.xib in Resources */,
				D094F6BB265829350011EEA9 /* LaunchScreen.storyboard in Resources */,
				D094F6B92658292E0011EEA9 /* Main.storyboard in Resources */,
				D037569C265D9588009EE660 /* TournamentCollectionViewCell.xib in Resources */,
				D03943CF2659B5860088A386 /* PlayerInfoTableCell.xib in Resources */,
				D094F69D2658225F0011EEA9 /* Assets.xcassets in Resources */,
				D03756AA265D9E7A009EE660 /* TournamentTableViewCell.xib in Resources */,
			);
			runOnlyForDeploymentPostprocessing = 0;
		};
/* End PBXResourcesBuildPhase section */

/* Begin PBXSourcesBuildPhase section */
		D01E775E265EEB2E00FA65FE /* Sources */ = {
			isa = PBXSourcesBuildPhase;
			buildActionMask = 2147483647;
			files = (
				D01E7777265EEC8F00FA65FE /* PlayerDataTests.swift in Sources */,
				D01E777C265EF0E900FA65FE /* PlayerDetailDataTests.swift in Sources */,
			);
			runOnlyForDeploymentPostprocessing = 0;
		};
		D094F68C2658225D0011EEA9 /* Sources */ = {
			isa = PBXSourcesBuildPhase;
			buildActionMask = 2147483647;
			files = (
				D03943D32659C2170088A386 /* Extensions+String.swift in Sources */,
				D03943BD2659A8810088A386 /* Extensions+Formatter.swift in Sources */,
				D039439D265924680088A386 /* PlayerTableViewCell.swift in Sources */,
				D03943C32659AB680088A386 /* DefaultResponse.swift in Sources */,
				D0394394265903410088A386 /* BaseViewController.swift in Sources */,
				D0375642265AE36B009EE660 /* Extensions+Date.swift in Sources */,
				7E451BE629D85E4E0027827E /* StoryboardInstantiable.swift in Sources */,
				7EDECB9329D58DC100182C82 /* TokenRefresher.swift in Sources */,
				D03943C02659A8B40088A386 /* Extensions+Int.swift in Sources */,
				7E451BDD29D72B6C0027827E /* Coordinator.swift in Sources */,
				D039437D26584C5D0088A386 /* Extensions+UIView.swift in Sources */,
				7EAD534329D5DA8C0098B9B3 /* WebImageProvider.swift in Sources */,
				D03756A9265D9E7A009EE660 /* TournamentTableViewCell.swift in Sources */,
				D03943B626599FE30088A386 /* Extensions+UIAlertController.swift in Sources */,
				7EDECBA829D5B06500182C82 /* PlayerNetworkRouter.swift in Sources */,
				7E451BF729D87F3F0027827E /* ErrorAlert.swift in Sources */,
				D039438E265854C40088A386 /* NavigationViewController.swift in Sources */,
				D03943CE2659B5860088A386 /* PlayerInfoTableCell.swift in Sources */,
				7E451BF029D87F2F0027827E /* AlertFactory.swift in Sources */,
				7ED679B929D897A1007990AC /* LocalImage.swift in Sources */,
				7E451BEE29D87F2D0027827E /* Alert.swift in Sources */,
				7ED679B729D88BD3007990AC /* PlayerViewModel.swift in Sources */,
				7ED679BB29D8A751007990AC /* ConfirmAlert.swift in Sources */,
				7EDECB8429D58A6B00182C82 /* NetworkingManagerParameterEncoding.swift in Sources */,
				7EAD534829D5E46B0098B9B3 /* PlayerListViewModel.swift in Sources */,
				D03943A8265991AF0088A386 /* Player.swift in Sources */,
				7EDECB8629D58A8200182C82 /* NetworkingManagerHTTPMethod.swift in Sources */,
				7E451BE429D85B1B0027827E /* AppDelegateRouter.swift in Sources */,
				7EDECB9C29D590DB00182C82 /* NetworkingManagerAlamofire.swift in Sources */,
				7EDECBBB29D5D83900182C82 /* Extensions+UIImageView.swift in Sources */,
				7E451BE029D72BAD0027827E /* Router.swift in Sources */,
				D039437A26584A760088A386 /* TournamentBracketViewController.swift in Sources */,
				7E451BEA29D87EAC0027827E /* PresentableProvider.swift in Sources */,
				D039439126585F910088A386 /* Extensions+UIImage.swift in Sources */,
				7EDECB8F29D58C4600182C82 /* ResultBasic.swift in Sources */,
				7EDECB8829D58AA500182C82 /* NetworkingManagerProvider.swift in Sources */,
				7EDECB9E29D5910D00182C82 /* RequestResponseAlamofire.swift in Sources */,
				D03943BA2659A57E0088A386 /* Constant.swift in Sources */,
				7EDECBA529D5A7E400182C82 /* NetworkRoutable.swift in Sources */,
				D094F6942658225D0011EEA9 /* AppDelegate.swift in Sources */,
				D0375645265B0301009EE660 /* ImagePickerView.swift in Sources */,
				D01E7729265E99C800FA65FE /* Match.swift in Sources */,
				7EDECBAD29D5B40800182C82 /* ApiParameter.swift in Sources */,
				7EDECBAB29D5B0F100182C82 /* PlayerService.swift in Sources */,
				7EDECBA029D5911C00182C82 /* OAuth2HandlerAlamofire.swift in Sources */,
				7E451BF629D87F3F0027827E /* DefaultAlert.swift in Sources */,
				7EDECB8D29D58C1500182C82 /* RequestResponseProvider.swift in Sources */,
				D03943A426597DCA0088A386 /* PlayerAddEditViewController.swift in Sources */,
				7E451BEC29D87F280027827E /* AlertableProvider.swift in Sources */,
				7EDECBA229D59D0600182C82 /* Extensions+Data.swift in Sources */,
				D0394373265848210088A386 /* PlayerListViewController.swift in Sources */,
				D0394370265847DE0088A386 /* HomeViewController.swift in Sources */,
				D088CDD62667DF7200F96ED3 /* DataResponse.swift in Sources */,
				D037569B265D9588009EE660 /* TournamentCollectionViewCell.swift in Sources */,
				7EDECB9529D58DE800182C82 /* ResultObject.swift in Sources */,
				D039438526584DBB0088A386 /* ApiCaller.swift in Sources */,
				D039438826584DD40088A386 /* HapticsManager.swift in Sources */,
				D03943DD2659D5050088A386 /* BioTableViewCell.swift in Sources */,
				D03943C62659AE450088A386 /* PlayerDetail.swift in Sources */,
				D0394377265849AB0088A386 /* PlayerViewController.swift in Sources */,
				7EDECBAF29D5C4FA00182C82 /* NetworkApiPath.swift in Sources */,
				7E451BE229D72C020027827E /* NavigationRouter.swift in Sources */,
				7EAD534629D5E02B0098B9B3 /* HomeViewModel.swift in Sources */,
				7EDECB9129D58C6C00182C82 /* NetworkError.swift in Sources */,
				D088CDE02667E1FC00F96ED3 /* SetDraw.swift in Sources */,
				7EDECB8B29D58AFC00182C82 /* NetworkingManagerModels.swift in Sources */,
				7EDECB9829D5901400182C82 /* Tokens.swift in Sources */,
			);
			runOnlyForDeploymentPostprocessing = 0;
		};
/* End PBXSourcesBuildPhase section */

/* Begin PBXTargetDependency section */
		D01E7768265EEB2E00FA65FE /* PBXTargetDependency */ = {
			isa = PBXTargetDependency;
			target = D094F68F2658225D0011EEA9 /* TournamentApp */;
			targetProxy = D01E7767265EEB2E00FA65FE /* PBXContainerItemProxy */;
		};
/* End PBXTargetDependency section */

/* Begin PBXVariantGroup section */
		D094F6992658225D0011EEA9 /* Main.storyboard */ = {
			isa = PBXVariantGroup;
			children = (
				D094F69A2658225D0011EEA9 /* Base */,
			);
			name = Main.storyboard;
			sourceTree = "<group>";
		};
		D094F69E2658225F0011EEA9 /* LaunchScreen.storyboard */ = {
			isa = PBXVariantGroup;
			children = (
				D094F69F2658225F0011EEA9 /* Base */,
			);
			name = LaunchScreen.storyboard;
			sourceTree = "<group>";
		};
/* End PBXVariantGroup section */

/* Begin XCBuildConfiguration section */
		D01E7769265EEB2E00FA65FE /* Debug */ = {
			isa = XCBuildConfiguration;
			buildSettings = {
				BUNDLE_LOADER = "$(TEST_HOST)";
				CLANG_ENABLE_MODULES = YES;
				CODE_SIGN_STYLE = Automatic;
				DEVELOPMENT_TEAM = 6D96X62LV8;
				INFOPLIST_FILE = TournamentAppTests/Info.plist;
				LD_RUNPATH_SEARCH_PATHS = (
					"$(inherited)",
					"@executable_path/Frameworks",
					"@loader_path/Frameworks",
				);
				PRODUCT_BUNDLE_IDENTIFIER = com.popovic.TournamentAppTests;
				PRODUCT_NAME = "$(TARGET_NAME)";
				SWIFT_OPTIMIZATION_LEVEL = "-Onone";
				SWIFT_VERSION = 5.0;
				TARGETED_DEVICE_FAMILY = "1,2";
				TEST_HOST = "$(BUILT_PRODUCTS_DIR)/TournamentApp.app/TournamentApp";
			};
			name = Debug;
		};
		D01E776A265EEB2E00FA65FE /* Release */ = {
			isa = XCBuildConfiguration;
			buildSettings = {
				BUNDLE_LOADER = "$(TEST_HOST)";
				CLANG_ENABLE_MODULES = YES;
				CODE_SIGN_STYLE = Automatic;
				DEVELOPMENT_TEAM = 6D96X62LV8;
				INFOPLIST_FILE = TournamentAppTests/Info.plist;
				LD_RUNPATH_SEARCH_PATHS = (
					"$(inherited)",
					"@executable_path/Frameworks",
					"@loader_path/Frameworks",
				);
				PRODUCT_BUNDLE_IDENTIFIER = com.popovic.TournamentAppTests;
				PRODUCT_NAME = "$(TARGET_NAME)";
				SWIFT_VERSION = 5.0;
				TARGETED_DEVICE_FAMILY = "1,2";
				TEST_HOST = "$(BUILT_PRODUCTS_DIR)/TournamentApp.app/TournamentApp";
			};
			name = Release;
		};
		D094F6A22658225F0011EEA9 /* Debug */ = {
			isa = XCBuildConfiguration;
			buildSettings = {
				ALWAYS_SEARCH_USER_PATHS = NO;
				CLANG_ANALYZER_NONNULL = YES;
				CLANG_ANALYZER_NUMBER_OBJECT_CONVERSION = YES_AGGRESSIVE;
				CLANG_CXX_LANGUAGE_STANDARD = "gnu++14";
				CLANG_CXX_LIBRARY = "libc++";
				CLANG_ENABLE_MODULES = YES;
				CLANG_ENABLE_OBJC_ARC = YES;
				CLANG_ENABLE_OBJC_WEAK = YES;
				CLANG_WARN_BLOCK_CAPTURE_AUTORELEASING = YES;
				CLANG_WARN_BOOL_CONVERSION = YES;
				CLANG_WARN_COMMA = YES;
				CLANG_WARN_CONSTANT_CONVERSION = YES;
				CLANG_WARN_DEPRECATED_OBJC_IMPLEMENTATIONS = YES;
				CLANG_WARN_DIRECT_OBJC_ISA_USAGE = YES_ERROR;
				CLANG_WARN_DOCUMENTATION_COMMENTS = YES;
				CLANG_WARN_EMPTY_BODY = YES;
				CLANG_WARN_ENUM_CONVERSION = YES;
				CLANG_WARN_INFINITE_RECURSION = YES;
				CLANG_WARN_INT_CONVERSION = YES;
				CLANG_WARN_NON_LITERAL_NULL_CONVERSION = YES;
				CLANG_WARN_OBJC_IMPLICIT_RETAIN_SELF = YES;
				CLANG_WARN_OBJC_LITERAL_CONVERSION = YES;
				CLANG_WARN_OBJC_ROOT_CLASS = YES_ERROR;
				CLANG_WARN_QUOTED_INCLUDE_IN_FRAMEWORK_HEADER = YES;
				CLANG_WARN_RANGE_LOOP_ANALYSIS = YES;
				CLANG_WARN_STRICT_PROTOTYPES = YES;
				CLANG_WARN_SUSPICIOUS_MOVE = YES;
				CLANG_WARN_UNGUARDED_AVAILABILITY = YES_AGGRESSIVE;
				CLANG_WARN_UNREACHABLE_CODE = YES;
				CLANG_WARN__DUPLICATE_METHOD_MATCH = YES;
				COPY_PHASE_STRIP = NO;
				DEBUG_INFORMATION_FORMAT = dwarf;
				ENABLE_STRICT_OBJC_MSGSEND = YES;
				ENABLE_TESTABILITY = YES;
				GCC_C_LANGUAGE_STANDARD = gnu11;
				GCC_DYNAMIC_NO_PIC = NO;
				GCC_NO_COMMON_BLOCKS = YES;
				GCC_OPTIMIZATION_LEVEL = 0;
				GCC_PREPROCESSOR_DEFINITIONS = (
					"DEBUG=1",
					"$(inherited)",
				);
				GCC_WARN_64_TO_32_BIT_CONVERSION = YES;
				GCC_WARN_ABOUT_RETURN_TYPE = YES_ERROR;
				GCC_WARN_UNDECLARED_SELECTOR = YES;
				GCC_WARN_UNINITIALIZED_AUTOS = YES_AGGRESSIVE;
				GCC_WARN_UNUSED_FUNCTION = YES;
				GCC_WARN_UNUSED_VARIABLE = YES;
				INFOPLIST_FILE = "TournamentApp/Supporting Files/Info.plist";
				IPHONEOS_DEPLOYMENT_TARGET = 14.2;
				MTL_ENABLE_DEBUG_INFO = INCLUDE_SOURCE;
				MTL_FAST_MATH = YES;
				ONLY_ACTIVE_ARCH = YES;
				SDKROOT = iphoneos;
				SWIFT_ACTIVE_COMPILATION_CONDITIONS = DEBUG;
				SWIFT_OPTIMIZATION_LEVEL = "-Onone";
			};
			name = Debug;
		};
		D094F6A32658225F0011EEA9 /* Release */ = {
			isa = XCBuildConfiguration;
			buildSettings = {
				ALWAYS_SEARCH_USER_PATHS = NO;
				CLANG_ANALYZER_NONNULL = YES;
				CLANG_ANALYZER_NUMBER_OBJECT_CONVERSION = YES_AGGRESSIVE;
				CLANG_CXX_LANGUAGE_STANDARD = "gnu++14";
				CLANG_CXX_LIBRARY = "libc++";
				CLANG_ENABLE_MODULES = YES;
				CLANG_ENABLE_OBJC_ARC = YES;
				CLANG_ENABLE_OBJC_WEAK = YES;
				CLANG_WARN_BLOCK_CAPTURE_AUTORELEASING = YES;
				CLANG_WARN_BOOL_CONVERSION = YES;
				CLANG_WARN_COMMA = YES;
				CLANG_WARN_CONSTANT_CONVERSION = YES;
				CLANG_WARN_DEPRECATED_OBJC_IMPLEMENTATIONS = YES;
				CLANG_WARN_DIRECT_OBJC_ISA_USAGE = YES_ERROR;
				CLANG_WARN_DOCUMENTATION_COMMENTS = YES;
				CLANG_WARN_EMPTY_BODY = YES;
				CLANG_WARN_ENUM_CONVERSION = YES;
				CLANG_WARN_INFINITE_RECURSION = YES;
				CLANG_WARN_INT_CONVERSION = YES;
				CLANG_WARN_NON_LITERAL_NULL_CONVERSION = YES;
				CLANG_WARN_OBJC_IMPLICIT_RETAIN_SELF = YES;
				CLANG_WARN_OBJC_LITERAL_CONVERSION = YES;
				CLANG_WARN_OBJC_ROOT_CLASS = YES_ERROR;
				CLANG_WARN_QUOTED_INCLUDE_IN_FRAMEWORK_HEADER = YES;
				CLANG_WARN_RANGE_LOOP_ANALYSIS = YES;
				CLANG_WARN_STRICT_PROTOTYPES = YES;
				CLANG_WARN_SUSPICIOUS_MOVE = YES;
				CLANG_WARN_UNGUARDED_AVAILABILITY = YES_AGGRESSIVE;
				CLANG_WARN_UNREACHABLE_CODE = YES;
				CLANG_WARN__DUPLICATE_METHOD_MATCH = YES;
				COPY_PHASE_STRIP = NO;
				DEBUG_INFORMATION_FORMAT = "dwarf-with-dsym";
				ENABLE_NS_ASSERTIONS = NO;
				ENABLE_STRICT_OBJC_MSGSEND = YES;
				GCC_C_LANGUAGE_STANDARD = gnu11;
				GCC_NO_COMMON_BLOCKS = YES;
				GCC_WARN_64_TO_32_BIT_CONVERSION = YES;
				GCC_WARN_ABOUT_RETURN_TYPE = YES_ERROR;
				GCC_WARN_UNDECLARED_SELECTOR = YES;
				GCC_WARN_UNINITIALIZED_AUTOS = YES_AGGRESSIVE;
				GCC_WARN_UNUSED_FUNCTION = YES;
				GCC_WARN_UNUSED_VARIABLE = YES;
				INFOPLIST_FILE = "TournamentApp/Supporting Files/Info.plist";
				IPHONEOS_DEPLOYMENT_TARGET = 14.2;
				MTL_ENABLE_DEBUG_INFO = NO;
				MTL_FAST_MATH = YES;
				SDKROOT = iphoneos;
				SWIFT_COMPILATION_MODE = wholemodule;
				SWIFT_OPTIMIZATION_LEVEL = "-O";
				VALIDATE_PRODUCT = YES;
			};
			name = Release;
		};
		D094F6A52658225F0011EEA9 /* Debug */ = {
			isa = XCBuildConfiguration;
			buildSettings = {
				ASSETCATALOG_COMPILER_APPICON_NAME = AppIcon;
				ASSETCATALOG_COMPILER_GLOBAL_ACCENT_COLOR_NAME = AccentColor;
				CODE_SIGN_STYLE = Automatic;
				DEVELOPMENT_TEAM = 6D96X62LV8;
				INFOPLIST_FILE = "$(SRCROOT)/TournamentApp/Supporting Files/Info.plist";
				IPHONEOS_DEPLOYMENT_TARGET = 13.0;
				LD_RUNPATH_SEARCH_PATHS = (
					"$(inherited)",
					"@executable_path/Frameworks",
				);
				PRODUCT_BUNDLE_IDENTIFIER = com.popovic.TournamentApp;
				PRODUCT_NAME = "$(TARGET_NAME)";
				SWIFT_VERSION = 5.0;
				TARGETED_DEVICE_FAMILY = 1;
			};
			name = Debug;
		};
		D094F6A62658225F0011EEA9 /* Release */ = {
			isa = XCBuildConfiguration;
			buildSettings = {
				ASSETCATALOG_COMPILER_APPICON_NAME = AppIcon;
				ASSETCATALOG_COMPILER_GLOBAL_ACCENT_COLOR_NAME = AccentColor;
				CODE_SIGN_STYLE = Automatic;
				DEVELOPMENT_TEAM = 6D96X62LV8;
				INFOPLIST_FILE = "$(SRCROOT)/TournamentApp/Supporting Files/Info.plist";
				IPHONEOS_DEPLOYMENT_TARGET = 13.0;
				LD_RUNPATH_SEARCH_PATHS = (
					"$(inherited)",
					"@executable_path/Frameworks",
				);
				PRODUCT_BUNDLE_IDENTIFIER = com.popovic.TournamentApp;
				PRODUCT_NAME = "$(TARGET_NAME)";
				SWIFT_VERSION = 5.0;
				TARGETED_DEVICE_FAMILY = 1;
			};
			name = Release;
		};
/* End XCBuildConfiguration section */

/* Begin XCConfigurationList section */
		D01E776B265EEB2E00FA65FE /* Build configuration list for PBXNativeTarget "TournamentAppTests" */ = {
			isa = XCConfigurationList;
			buildConfigurations = (
				D01E7769265EEB2E00FA65FE /* Debug */,
				D01E776A265EEB2E00FA65FE /* Release */,
			);
			defaultConfigurationIsVisible = 0;
			defaultConfigurationName = Release;
		};
		D094F68B2658225D0011EEA9 /* Build configuration list for PBXProject "TournamentApp" */ = {
			isa = XCConfigurationList;
			buildConfigurations = (
				D094F6A22658225F0011EEA9 /* Debug */,
				D094F6A32658225F0011EEA9 /* Release */,
			);
			defaultConfigurationIsVisible = 0;
			defaultConfigurationName = Release;
		};
		D094F6A42658225F0011EEA9 /* Build configuration list for PBXNativeTarget "TournamentApp" */ = {
			isa = XCConfigurationList;
			buildConfigurations = (
				D094F6A52658225F0011EEA9 /* Debug */,
				D094F6A62658225F0011EEA9 /* Release */,
			);
			defaultConfigurationIsVisible = 0;
			defaultConfigurationName = Release;
		};
/* End XCConfigurationList section */

/* Begin XCRemoteSwiftPackageReference section */
		7EDECBB429D5D64800182C82 /* XCRemoteSwiftPackageReference "SDWebImage" */ = {
			isa = XCRemoteSwiftPackageReference;
			repositoryURL = "https://github.com/SDWebImage/SDWebImage";
			requirement = {
				kind = upToNextMajorVersion;
				minimumVersion = 5.0.0;
			};
		};
		7EDECBB729D5D66B00182C82 /* XCRemoteSwiftPackageReference "Alamofire" */ = {
			isa = XCRemoteSwiftPackageReference;
			repositoryURL = "https://github.com/Alamofire/Alamofire.git";
			requirement = {
				kind = exactVersion;
				version = 5.2.0;
			};
		};
/* End XCRemoteSwiftPackageReference section */

/* Begin XCSwiftPackageProductDependency section */
		7EDECBB529D5D64800182C82 /* SDWebImage */ = {
			isa = XCSwiftPackageProductDependency;
			package = 7EDECBB429D5D64800182C82 /* XCRemoteSwiftPackageReference "SDWebImage" */;
			productName = SDWebImage;
		};
		7EDECBB829D5D66B00182C82 /* Alamofire */ = {
			isa = XCSwiftPackageProductDependency;
			package = 7EDECBB729D5D66B00182C82 /* XCRemoteSwiftPackageReference "Alamofire" */;
			productName = Alamofire;
		};
/* End XCSwiftPackageProductDependency section */
	};
	rootObject = D094F6882658225D0011EEA9 /* Project object */;
}
